PODS:
  - ChameleonFramework (2.1.0):
    - ChameleonFramework/Default (= 2.1.0)
  - ChameleonFramework/Default (2.1.0)
  - Crashlytics (3.10.1):
    - Fabric (~> 1.7.5)
  - Cuckoo (0.11.3)
  - Fabric (1.7.6)
  - MagicalRecord (2.3.2):
    - MagicalRecord/Core (= 2.3.2)
  - MagicalRecord/Core (2.3.2)
  - MMDrawerController (0.6.0):
    - MMDrawerController/Core (= 0.6.0)
    - MMDrawerController/MMDrawerBarButtonItem (= 0.6.0)
    - MMDrawerController/MMDrawerVisualStates (= 0.6.0)
    - MMDrawerController/Subclass (= 0.6.0)
  - MMDrawerController/Core (0.6.0)
  - MMDrawerController/MMDrawerBarButtonItem (0.6.0):
    - MMDrawerController/Core
  - MMDrawerController/MMDrawerVisualStates (0.6.0):
    - MMDrawerController/Core
  - MMDrawerController/Subclass (0.6.0):
    - MMDrawerController/Core
  - SDWebImage (4.3.3):
    - SDWebImage/Core (= 4.3.3)
  - SDWebImage/Core (4.3.3)
  - SVProgressHUD (2.2.5)
  - VK-ios-sdk (1.4.6)

DEPENDENCIES:
  - ChameleonFramework
  - Crashlytics
  - Cuckoo
  - Fabric
  - MagicalRecord (~> 2.3)
  - MMDrawerController (~> 0.6)
  - SDWebImage (~> 4.3)
  - SVProgressHUD
  - VK-ios-sdk (~> 1.4)

SPEC REPOS:
  https://github.com/cocoapods/specs.git:
    - ChameleonFramework
    - Crashlytics
    - Cuckoo
    - Fabric
    - MagicalRecord
    - MMDrawerController
    - SDWebImage
    - SVProgressHUD
    - VK-ios-sdk

SPEC CHECKSUMS:
  ChameleonFramework: d21a3cc247abfe5e37609a283a8238b03575cf64
  Crashlytics: aee1a064cbbf99b32efa3f056a5f458d846bc8ff
  Cuckoo: 97522dd7ac6f18adba6022bdc74aa69e82ca691a
  Fabric: f8d42c893bb187326a7968b62abe55c36a987a46
  MagicalRecord: 53bed74b4323b930992a725be713e53b37d19755
  MMDrawerController: e3a54a5570388463ad3b36975251575b50c4e1a0
  SDWebImage: de4d90b5bff3571eae7bd16202b1f43135409fa5
  SVProgressHUD: 1428aafac632c1f86f62aa4243ec12008d7a51d6
  VK-ios-sdk: 7fd48bc5aaa6b96c3197c1987eb6593f2ea67331

PODFILE CHECKSUM: 7db9948fea5e9848efd9557198aa9940f2f50289

COCOAPODS: 1.5.2
